// !$*UTF8*$!
{
	archiveVersion = 1;
	classes = {
	};
	objectVersion = 46;
	objects = {

/* Begin PBXBuildFile section */
		052EE3ED982F46BCBA64A7BC /* libPods.a in Frameworks */ = {isa = PBXBuildFile; fileRef = 9AE1361D42C544999B5C8502 /* libPods.a */; };
		AA0D17EA17CD1043004677AA /* start_button@2x.png in Resources */ = {isa = PBXBuildFile; fileRef = AA0D17E817CD1043004677AA /* start_button@2x.png */; };
		AA0D17EB17CD1043004677AA /* start_button.png in Resources */ = {isa = PBXBuildFile; fileRef = AA0D17E917CD1043004677AA /* start_button.png */; };
		AA0D17EE17CD339B004677AA /* PairingVC.m in Sources */ = {isa = PBXBuildFile; fileRef = AA0D17ED17CD339B004677AA /* PairingVC.m */; };
		AA2350E617C662960080DD73 /* app_icon_ios6.png in Resources */ = {isa = PBXBuildFile; fileRef = AA2350E517C662960080DD73 /* app_icon_ios6.png */; };
		AA69739117C64DBA0074554A /* up_arrow_inactive.png in Resources */ = {isa = PBXBuildFile; fileRef = AA69738F17C64DBA0074554A /* up_arrow_inactive.png */; };
		AA69739217C64DBA0074554A /* up_arrow_active.png in Resources */ = {isa = PBXBuildFile; fileRef = AA69739017C64DBA0074554A /* up_arrow_active.png */; };
		AA69739517C64E120074554A /* right_arrow_active.png in Resources */ = {isa = PBXBuildFile; fileRef = AA69739317C64E120074554A /* right_arrow_active.png */; };
		AA69739617C64E120074554A /* right_arrow_inactive.png in Resources */ = {isa = PBXBuildFile; fileRef = AA69739417C64E120074554A /* right_arrow_inactive.png */; };
		AA69739917C64E3C0074554A /* down_arrow_active.png in Resources */ = {isa = PBXBuildFile; fileRef = AA69739717C64E3C0074554A /* down_arrow_active.png */; };
		AA69739A17C64E3C0074554A /* down_arrow_inactive.png in Resources */ = {isa = PBXBuildFile; fileRef = AA69739817C64E3C0074554A /* down_arrow_inactive.png */; };
		AA69739D17C64E570074554A /* left_arrow_active.png in Resources */ = {isa = PBXBuildFile; fileRef = AA69739B17C64E570074554A /* left_arrow_active.png */; };
		AA69739E17C64E570074554A /* left_arrow_inactive.png in Resources */ = {isa = PBXBuildFile; fileRef = AA69739C17C64E570074554A /* left_arrow_inactive.png */; };
		AA939F8417C660740026B50D /* app_icon@2x.png in Resources */ = {isa = PBXBuildFile; fileRef = AA939F8317C660740026B50D /* app_icon@2x.png */; };
		AAA964EC17AD870900E174E9 /* TRConstants.m in Sources */ = {isa = PBXBuildFile; fileRef = AAA964EB17AD870900E174E9 /* TRConstants.m */; };
		AAAB52CF17C6626100EE5855 /* app_icon.png in Resources */ = {isa = PBXBuildFile; fileRef = AAAB52CE17C6626100EE5855 /* app_icon.png */; };
		AAB2DDFF17CD446200133948 /* ControllerVC.m in Sources */ = {isa = PBXBuildFile; fileRef = AAB2DDFE17CD446200133948 /* ControllerVC.m */; };
		AAC2C51717ADEED50095C62D /* CoreMotion.framework in Frameworks */ = {isa = PBXBuildFile; fileRef = AAC2C51617ADEED50095C62D /* CoreMotion.framework */; };
		AACA038517C68B4D0087F534 /* y_button.png in Resources */ = {isa = PBXBuildFile; fileRef = AACA037D17C68B4D0087F534 /* y_button.png */; };
		AACA038617C68B4D0087F534 /* y_button@2x.png in Resources */ = {isa = PBXBuildFile; fileRef = AACA037E17C68B4D0087F534 /* y_button@2x.png */; };
		AACA038717C68B4D0087F534 /* x_button.png in Resources */ = {isa = PBXBuildFile; fileRef = AACA037F17C68B4D0087F534 /* x_button.png */; };
		AACA038817C68B4D0087F534 /* x_button@2x.png in Resources */ = {isa = PBXBuildFile; fileRef = AACA038017C68B4D0087F534 /* x_button@2x.png */; };
		AACA038917C68B4D0087F534 /* b_button@2x.png in Resources */ = {isa = PBXBuildFile; fileRef = AACA038117C68B4D0087F534 /* b_button@2x.png */; };
		AACA038A17C68B4D0087F534 /* b_button.png in Resources */ = {isa = PBXBuildFile; fileRef = AACA038217C68B4D0087F534 /* b_button.png */; };
		AACA038B17C68B4D0087F534 /* a_button@2x.png in Resources */ = {isa = PBXBuildFile; fileRef = AACA038317C68B4D0087F534 /* a_button@2x.png */; };
		AACA038C17C68B4D0087F534 /* a_button.png in Resources */ = {isa = PBXBuildFile; fileRef = AACA038417C68B4D0087F534 /* a_button.png */; };
		AACA039017C68C5C0087F534 /* Default-568h@2x.png in Resources */ = {isa = PBXBuildFile; fileRef = AACA038F17C68C5B0087F534 /* Default-568h@2x.png */; };
		AACA039717C68D0E0087F534 /* Default.png in Resources */ = {isa = PBXBuildFile; fileRef = AACA039517C68D0E0087F534 /* Default.png */; };
		AACA039817C68D0E0087F534 /* Default@2x.png in Resources */ = {isa = PBXBuildFile; fileRef = AACA039617C68D0E0087F534 /* Default@2x.png */; };
		AAD5FC9917AD71D9007D9E1D /* UIKit.framework in Frameworks */ = {isa = PBXBuildFile; fileRef = AAD5FC9817AD71D9007D9E1D /* UIKit.framework */; };
		AAD5FC9B17AD71D9007D9E1D /* Foundation.framework in Frameworks */ = {isa = PBXBuildFile; fileRef = AAD5FC9A17AD71D9007D9E1D /* Foundation.framework */; };
		AAD5FC9D17AD71D9007D9E1D /* CoreGraphics.framework in Frameworks */ = {isa = PBXBuildFile; fileRef = AAD5FC9C17AD71D9007D9E1D /* CoreGraphics.framework */; };
		AAD5FCA317AD71D9007D9E1D /* InfoPlist.strings in Resources */ = {isa = PBXBuildFile; fileRef = AAD5FCA117AD71D9007D9E1D /* InfoPlist.strings */; };
		AAD5FCA517AD71D9007D9E1D /* main.m in Sources */ = {isa = PBXBuildFile; fileRef = AAD5FCA417AD71D9007D9E1D /* main.m */; };
		AAD5FCA917AD71D9007D9E1D /* AppDelegate.m in Sources */ = {isa = PBXBuildFile; fileRef = AAD5FCA817AD71D9007D9E1D /* AppDelegate.m */; };
		AAD5FCB217AD71D9007D9E1D /* MainStoryboard.storyboard in Resources */ = {isa = PBXBuildFile; fileRef = AAD5FCB017AD71D9007D9E1D /* MainStoryboard.storyboard */; };
		AAE1AA9A17CD4ECA00F81177 /* TRWebsocketMC.m in Sources */ = {isa = PBXBuildFile; fileRef = AAE1AA9917CD4ECA00F81177 /* TRWebsocketMC.m */; };
		AAEF652717ADB88600918DD1 /* TRControllerButton.m in Sources */ = {isa = PBXBuildFile; fileRef = AAEF652617ADB88600918DD1 /* TRControllerButton.m */; };
/* End PBXBuildFile section */

/* Begin PBXFileReference section */
		6F8356CFACD5447D829E6DC6 /* Pods.xcconfig */ = {isa = PBXFileReference; includeInIndex = 1; lastKnownFileType = text.xcconfig; name = Pods.xcconfig; path = Pods/Pods.xcconfig; sourceTree = SOURCE_ROOT; };
		9AE1361D42C544999B5C8502 /* libPods.a */ = {isa = PBXFileReference; explicitFileType = archive.ar; includeInIndex = 0; path = libPods.a; sourceTree = BUILT_PRODUCTS_DIR; };
		AA0D17E817CD1043004677AA /* start_button@2x.png */ = {isa = PBXFileReference; lastKnownFileType = image.png; path = "start_button@2x.png"; sourceTree = "<group>"; };
		AA0D17E917CD1043004677AA /* start_button.png */ = {isa = PBXFileReference; lastKnownFileType = image.png; path = start_button.png; sourceTree = "<group>"; };
		AA0D17EC17CD339B004677AA /* PairingVC.h */ = {isa = PBXFileReference; fileEncoding = 4; lastKnownFileType = sourcecode.c.h; path = PairingVC.h; sourceTree = "<group>"; };
		AA0D17ED17CD339B004677AA /* PairingVC.m */ = {isa = PBXFileReference; fileEncoding = 4; lastKnownFileType = sourcecode.c.objc; path = PairingVC.m; sourceTree = "<group>"; };
		AA2350E517C662960080DD73 /* app_icon_ios6.png */ = {isa = PBXFileReference; lastKnownFileType = image.png; path = app_icon_ios6.png; sourceTree = "<group>"; };
		AA69738F17C64DBA0074554A /* up_arrow_inactive.png */ = {isa = PBXFileReference; lastKnownFileType = image.png; path = up_arrow_inactive.png; sourceTree = "<group>"; };
		AA69739017C64DBA0074554A /* up_arrow_active.png */ = {isa = PBXFileReference; lastKnownFileType = image.png; path = up_arrow_active.png; sourceTree = "<group>"; };
		AA69739317C64E120074554A /* right_arrow_active.png */ = {isa = PBXFileReference; lastKnownFileType = image.png; path = right_arrow_active.png; sourceTree = "<group>"; };
		AA69739417C64E120074554A /* right_arrow_inactive.png */ = {isa = PBXFileReference; lastKnownFileType = image.png; path = right_arrow_inactive.png; sourceTree = "<group>"; };
		AA69739717C64E3C0074554A /* down_arrow_active.png */ = {isa = PBXFileReference; lastKnownFileType = image.png; path = down_arrow_active.png; sourceTree = "<group>"; };
		AA69739817C64E3C0074554A /* down_arrow_inactive.png */ = {isa = PBXFileReference; lastKnownFileType = image.png; path = down_arrow_inactive.png; sourceTree = "<group>"; };
		AA69739B17C64E570074554A /* left_arrow_active.png */ = {isa = PBXFileReference; lastKnownFileType = image.png; path = left_arrow_active.png; sourceTree = "<group>"; };
		AA69739C17C64E570074554A /* left_arrow_inactive.png */ = {isa = PBXFileReference; lastKnownFileType = image.png; path = left_arrow_inactive.png; sourceTree = "<group>"; };
		AA939F8317C660740026B50D /* app_icon@2x.png */ = {isa = PBXFileReference; lastKnownFileType = image.png; path = "app_icon@2x.png"; sourceTree = "<group>"; };
		AAA964EA17AD870900E174E9 /* TRConstants.h */ = {isa = PBXFileReference; fileEncoding = 4; lastKnownFileType = sourcecode.c.h; path = TRConstants.h; sourceTree = "<group>"; };
		AAA964EB17AD870900E174E9 /* TRConstants.m */ = {isa = PBXFileReference; fileEncoding = 4; lastKnownFileType = sourcecode.c.objc; path = TRConstants.m; sourceTree = "<group>"; };
		AAAB52CE17C6626100EE5855 /* app_icon.png */ = {isa = PBXFileReference; lastKnownFileType = image.png; path = app_icon.png; sourceTree = "<group>"; };
		AAB2DDFD17CD446200133948 /* ControllerVC.h */ = {isa = PBXFileReference; fileEncoding = 4; lastKnownFileType = sourcecode.c.h; path = ControllerVC.h; sourceTree = "<group>"; };
		AAB2DDFE17CD446200133948 /* ControllerVC.m */ = {isa = PBXFileReference; fileEncoding = 4; lastKnownFileType = sourcecode.c.objc; path = ControllerVC.m; sourceTree = "<group>"; };
		AAC2C51617ADEED50095C62D /* CoreMotion.framework */ = {isa = PBXFileReference; lastKnownFileType = wrapper.framework; name = CoreMotion.framework; path = System/Library/Frameworks/CoreMotion.framework; sourceTree = SDKROOT; };
		AACA037D17C68B4D0087F534 /* y_button.png */ = {isa = PBXFileReference; lastKnownFileType = image.png; path = y_button.png; sourceTree = "<group>"; };
		AACA037E17C68B4D0087F534 /* y_button@2x.png */ = {isa = PBXFileReference; lastKnownFileType = image.png; path = "y_button@2x.png"; sourceTree = "<group>"; };
		AACA037F17C68B4D0087F534 /* x_button.png */ = {isa = PBXFileReference; lastKnownFileType = image.png; path = x_button.png; sourceTree = "<group>"; };
		AACA038017C68B4D0087F534 /* x_button@2x.png */ = {isa = PBXFileReference; lastKnownFileType = image.png; path = "x_button@2x.png"; sourceTree = "<group>"; };
		AACA038117C68B4D0087F534 /* b_button@2x.png */ = {isa = PBXFileReference; lastKnownFileType = image.png; path = "b_button@2x.png"; sourceTree = "<group>"; };
		AACA038217C68B4D0087F534 /* b_button.png */ = {isa = PBXFileReference; lastKnownFileType = image.png; path = b_button.png; sourceTree = "<group>"; };
		AACA038317C68B4D0087F534 /* a_button@2x.png */ = {isa = PBXFileReference; lastKnownFileType = image.png; path = "a_button@2x.png"; sourceTree = "<group>"; };
		AACA038417C68B4D0087F534 /* a_button.png */ = {isa = PBXFileReference; lastKnownFileType = image.png; path = a_button.png; sourceTree = "<group>"; };
		AACA038F17C68C5B0087F534 /* Default-568h@2x.png */ = {isa = PBXFileReference; lastKnownFileType = image.png; path = "Default-568h@2x.png"; sourceTree = "<group>"; };
		AACA039517C68D0E0087F534 /* Default.png */ = {isa = PBXFileReference; lastKnownFileType = image.png; path = Default.png; sourceTree = "<group>"; };
		AACA039617C68D0E0087F534 /* Default@2x.png */ = {isa = PBXFileReference; lastKnownFileType = image.png; path = "Default@2x.png"; sourceTree = "<group>"; };
		AAD5FC9517AD71D9007D9E1D /* Tarval.app */ = {isa = PBXFileReference; explicitFileType = wrapper.application; includeInIndex = 0; path = Tarval.app; sourceTree = BUILT_PRODUCTS_DIR; };
		AAD5FC9817AD71D9007D9E1D /* UIKit.framework */ = {isa = PBXFileReference; lastKnownFileType = wrapper.framework; name = UIKit.framework; path = System/Library/Frameworks/UIKit.framework; sourceTree = SDKROOT; };
		AAD5FC9A17AD71D9007D9E1D /* Foundation.framework */ = {isa = PBXFileReference; lastKnownFileType = wrapper.framework; name = Foundation.framework; path = System/Library/Frameworks/Foundation.framework; sourceTree = SDKROOT; };
		AAD5FC9C17AD71D9007D9E1D /* CoreGraphics.framework */ = {isa = PBXFileReference; lastKnownFileType = wrapper.framework; name = CoreGraphics.framework; path = System/Library/Frameworks/CoreGraphics.framework; sourceTree = SDKROOT; };
		AAD5FCA017AD71D9007D9E1D /* Tarval-Info.plist */ = {isa = PBXFileReference; lastKnownFileType = text.plist.xml; path = "Tarval-Info.plist"; sourceTree = "<group>"; };
		AAD5FCA217AD71D9007D9E1D /* en */ = {isa = PBXFileReference; lastKnownFileType = text.plist.strings; name = en; path = en.lproj/InfoPlist.strings; sourceTree = "<group>"; };
		AAD5FCA417AD71D9007D9E1D /* main.m */ = {isa = PBXFileReference; lastKnownFileType = sourcecode.c.objc; path = main.m; sourceTree = "<group>"; };
		AAD5FCA617AD71D9007D9E1D /* Tarval-Prefix.pch */ = {isa = PBXFileReference; lastKnownFileType = sourcecode.c.h; path = "Tarval-Prefix.pch"; sourceTree = "<group>"; };
		AAD5FCA717AD71D9007D9E1D /* AppDelegate.h */ = {isa = PBXFileReference; lastKnownFileType = sourcecode.c.h; path = AppDelegate.h; sourceTree = "<group>"; };
		AAD5FCA817AD71D9007D9E1D /* AppDelegate.m */ = {isa = PBXFileReference; lastKnownFileType = sourcecode.c.objc; path = AppDelegate.m; sourceTree = "<group>"; };
		AAD5FCB117AD71D9007D9E1D /* en */ = {isa = PBXFileReference; lastKnownFileType = file.storyboard; name = en; path = en.lproj/MainStoryboard.storyboard; sourceTree = "<group>"; };
		AAE1AA9817CD4ECA00F81177 /* TRWebsocketMC.h */ = {isa = PBXFileReference; fileEncoding = 4; lastKnownFileType = sourcecode.c.h; path = TRWebsocketMC.h; sourceTree = "<group>"; };
		AAE1AA9917CD4ECA00F81177 /* TRWebsocketMC.m */ = {isa = PBXFileReference; fileEncoding = 4; lastKnownFileType = sourcecode.c.objc; path = TRWebsocketMC.m; sourceTree = "<group>"; };
		AAEF652517ADB88600918DD1 /* TRControllerButton.h */ = {isa = PBXFileReference; fileEncoding = 4; lastKnownFileType = sourcecode.c.h; path = TRControllerButton.h; sourceTree = "<group>"; };
		AAEF652617ADB88600918DD1 /* TRControllerButton.m */ = {isa = PBXFileReference; fileEncoding = 4; lastKnownFileType = sourcecode.c.objc; path = TRControllerButton.m; sourceTree = "<group>"; };
/* End PBXFileReference section */

/* Begin PBXFrameworksBuildPhase section */
		AAD5FC9217AD71D9007D9E1D /* Frameworks */ = {
			isa = PBXFrameworksBuildPhase;
			buildActionMask = 2147483647;
			files = (
				AAC2C51717ADEED50095C62D /* CoreMotion.framework in Frameworks */,
				AAD5FC9917AD71D9007D9E1D /* UIKit.framework in Frameworks */,
				AAD5FC9B17AD71D9007D9E1D /* Foundation.framework in Frameworks */,
				AAD5FC9D17AD71D9007D9E1D /* CoreGraphics.framework in Frameworks */,
				052EE3ED982F46BCBA64A7BC /* libPods.a in Frameworks */,
			);
			runOnlyForDeploymentPostprocessing = 0;
		};
/* End PBXFrameworksBuildPhase section */

/* Begin PBXGroup section */
		AA69738E17C64DAD0074554A /* Images */ = {
			isa = PBXGroup;
			children = (
				AA0D17E817CD1043004677AA /* start_button@2x.png */,
				AA0D17E917CD1043004677AA /* start_button.png */,
				AACA038F17C68C5B0087F534 /* Default-568h@2x.png */,
				AACA039517C68D0E0087F534 /* Default.png */,
				AACA039617C68D0E0087F534 /* Default@2x.png */,
				AA2350E517C662960080DD73 /* app_icon_ios6.png */,
				AAAB52CE17C6626100EE5855 /* app_icon.png */,
				AA939F8317C660740026B50D /* app_icon@2x.png */,
				AA69738F17C64DBA0074554A /* up_arrow_inactive.png */,
				AA69739017C64DBA0074554A /* up_arrow_active.png */,
				AA69739317C64E120074554A /* right_arrow_active.png */,
				AA69739417C64E120074554A /* right_arrow_inactive.png */,
				AA69739717C64E3C0074554A /* down_arrow_active.png */,
				AA69739817C64E3C0074554A /* down_arrow_inactive.png */,
				AA69739B17C64E570074554A /* left_arrow_active.png */,
				AA69739C17C64E570074554A /* left_arrow_inactive.png */,
				AACA037D17C68B4D0087F534 /* y_button.png */,
				AACA037E17C68B4D0087F534 /* y_button@2x.png */,
				AACA037F17C68B4D0087F534 /* x_button.png */,
				AACA038017C68B4D0087F534 /* x_button@2x.png */,
				AACA038117C68B4D0087F534 /* b_button@2x.png */,
				AACA038217C68B4D0087F534 /* b_button.png */,
				AACA038317C68B4D0087F534 /* a_button@2x.png */,
				AACA038417C68B4D0087F534 /* a_button.png */,
			);
			name = Images;
			sourceTree = "<group>";
		};
		AA69739F17C64EEA0074554A /* Subclasses */ = {
			isa = PBXGroup;
			children = (
			);
			name = Subclasses;
			sourceTree = "<group>";
		};
		AAA964E617AD781500E174E9 /* View Controllers */ = {
			isa = PBXGroup;
			children = (
				AA0D17EC17CD339B004677AA /* PairingVC.h */,
				AA0D17ED17CD339B004677AA /* PairingVC.m */,
				AAB2DDFD17CD446200133948 /* ControllerVC.h */,
				AAB2DDFE17CD446200133948 /* ControllerVC.m */,
			);
			name = "View Controllers";
			sourceTree = "<group>";
		};
		AAD5FC8C17AD71D8007D9E1D = {
			isa = PBXGroup;
			children = (
				AAC2C51617ADEED50095C62D /* CoreMotion.framework */,
				AAD5FC9E17AD71D9007D9E1D /* Tarval */,
				AAD5FC9717AD71D9007D9E1D /* Frameworks */,
				AAD5FC9617AD71D9007D9E1D /* Products */,
				6F8356CFACD5447D829E6DC6 /* Pods.xcconfig */,
			);
			sourceTree = "<group>";
		};
		AAD5FC9617AD71D9007D9E1D /* Products */ = {
			isa = PBXGroup;
			children = (
				AAD5FC9517AD71D9007D9E1D /* Tarval.app */,
			);
			name = Products;
			sourceTree = "<group>";
		};
		AAD5FC9717AD71D9007D9E1D /* Frameworks */ = {
			isa = PBXGroup;
			children = (
				AAD5FC9817AD71D9007D9E1D /* UIKit.framework */,
				AAD5FC9A17AD71D9007D9E1D /* Foundation.framework */,
				AAD5FC9C17AD71D9007D9E1D /* CoreGraphics.framework */,
				9AE1361D42C544999B5C8502 /* libPods.a */,
			);
			name = Frameworks;
			sourceTree = "<group>";
		};
		AAD5FC9E17AD71D9007D9E1D /* Tarval */ = {
			isa = PBXGroup;
			children = (
				AA69739F17C64EEA0074554A /* Subclasses */,
				AA69738E17C64DAD0074554A /* Images */,
				AAEF652417ADB86300918DD1 /* Element Subclasses */,
				AAA964E617AD781500E174E9 /* View Controllers */,
				AAD5FC9F17AD71D9007D9E1D /* Supporting Files */,
				AAD5FCA717AD71D9007D9E1D /* AppDelegate.h */,
				AAD5FCA817AD71D9007D9E1D /* AppDelegate.m */,
				AAD5FCB017AD71D9007D9E1D /* MainStoryboard.storyboard */,
				AAA964EA17AD870900E174E9 /* TRConstants.h */,
				AAA964EB17AD870900E174E9 /* TRConstants.m */,
				AAE1AA9817CD4ECA00F81177 /* TRWebsocketMC.h */,
				AAE1AA9917CD4ECA00F81177 /* TRWebsocketMC.m */,
			);
			path = Tarval;
			sourceTree = "<group>";
		};
		AAD5FC9F17AD71D9007D9E1D /* Supporting Files */ = {
			isa = PBXGroup;
			children = (
				AAD5FCA017AD71D9007D9E1D /* Tarval-Info.plist */,
				AAD5FCA117AD71D9007D9E1D /* InfoPlist.strings */,
				AAD5FCA417AD71D9007D9E1D /* main.m */,
				AAD5FCA617AD71D9007D9E1D /* Tarval-Prefix.pch */,
			);
			name = "Supporting Files";
			sourceTree = "<group>";
		};
		AAEF652417ADB86300918DD1 /* Element Subclasses */ = {
			isa = PBXGroup;
			children = (
				AAEF652517ADB88600918DD1 /* TRControllerButton.h */,
				AAEF652617ADB88600918DD1 /* TRControllerButton.m */,
			);
			name = "Element Subclasses";
			sourceTree = "<group>";
		};
/* End PBXGroup section */

/* Begin PBXNativeTarget section */
		AAD5FC9417AD71D9007D9E1D /* Tarval */ = {
			isa = PBXNativeTarget;
			buildConfigurationList = AAD5FCB817AD71D9007D9E1D /* Build configuration list for PBXNativeTarget "Tarval" */;
			buildPhases = (
				C489A78421C54F50A604DEB5 /* Check Pods Manifest.lock */,
				AAD5FC9117AD71D9007D9E1D /* Sources */,
				AAD5FC9217AD71D9007D9E1D /* Frameworks */,
				AAD5FC9317AD71D9007D9E1D /* Resources */,
				D29D2D6521AD438BB1591E06 /* Copy Pods Resources */,
			);
			buildRules = (
			);
			dependencies = (
			);
			name = Tarval;
			productName = Tarval;
			productReference = AAD5FC9517AD71D9007D9E1D /* Tarval.app */;
			productType = "com.apple.product-type.application";
		};
/* End PBXNativeTarget section */

/* Begin PBXProject section */
		AAD5FC8D17AD71D8007D9E1D /* Project object */ = {
			isa = PBXProject;
			attributes = {
				LastUpgradeCheck = 0460;
				ORGANIZATIONNAME = hackNY;
			};
			buildConfigurationList = AAD5FC9017AD71D8007D9E1D /* Build configuration list for PBXProject "Tarval" */;
			compatibilityVersion = "Xcode 3.2";
			developmentRegion = English;
			hasScannedForEncodings = 0;
			knownRegions = (
				en,
			);
			mainGroup = AAD5FC8C17AD71D8007D9E1D;
			productRefGroup = AAD5FC9617AD71D9007D9E1D /* Products */;
			projectDirPath = "";
			projectRoot = "";
			targets = (
				AAD5FC9417AD71D9007D9E1D /* Tarval */,
			);
		};
/* End PBXProject section */

/* Begin PBXResourcesBuildPhase section */
		AAD5FC9317AD71D9007D9E1D /* Resources */ = {
			isa = PBXResourcesBuildPhase;
			buildActionMask = 2147483647;
			files = (
				AACA039817C68D0E0087F534 /* Default@2x.png in Resources */,
				AAD5FCA317AD71D9007D9E1D /* InfoPlist.strings in Resources */,
				AA939F8417C660740026B50D /* app_icon@2x.png in Resources */,
				AACA038517C68B4D0087F534 /* y_button.png in Resources */,
				AACA039017C68C5C0087F534 /* Default-568h@2x.png in Resources */,
				AA2350E617C662960080DD73 /* app_icon_ios6.png in Resources */,
				AA0D17EA17CD1043004677AA /* start_button@2x.png in Resources */,
				AAD5FCB217AD71D9007D9E1D /* MainStoryboard.storyboard in Resources */,
				AA69739117C64DBA0074554A /* up_arrow_inactive.png in Resources */,
				AA69739217C64DBA0074554A /* up_arrow_active.png in Resources */,
				AACA038B17C68B4D0087F534 /* a_button@2x.png in Resources */,
				AACA038C17C68B4D0087F534 /* a_button.png in Resources */,
				AACA038717C68B4D0087F534 /* x_button.png in Resources */,
				AAAB52CF17C6626100EE5855 /* app_icon.png in Resources */,
				AA69739517C64E120074554A /* right_arrow_active.png in Resources */,
				AACA039717C68D0E0087F534 /* Default.png in Resources */,
				AA69739617C64E120074554A /* right_arrow_inactive.png in Resources */,
				AACA038917C68B4D0087F534 /* b_button@2x.png in Resources */,
				AA69739917C64E3C0074554A /* down_arrow_active.png in Resources */,
				AACA038817C68B4D0087F534 /* x_button@2x.png in Resources */,
				AA0D17EB17CD1043004677AA /* start_button.png in Resources */,
				AACA038617C68B4D0087F534 /* y_button@2x.png in Resources */,
				AACA038A17C68B4D0087F534 /* b_button.png in Resources */,
				AA69739A17C64E3C0074554A /* down_arrow_inactive.png in Resources */,
				AA69739D17C64E570074554A /* left_arrow_active.png in Resources */,
				AA69739E17C64E570074554A /* left_arrow_inactive.png in Resources */,
			);
			runOnlyForDeploymentPostprocessing = 0;
		};
/* End PBXResourcesBuildPhase section */

/* Begin PBXShellScriptBuildPhase section */
		C489A78421C54F50A604DEB5 /* Check Pods Manifest.lock */ = {
			isa = PBXShellScriptBuildPhase;
			buildActionMask = 2147483647;
			files = (
			);
			inputPaths = (
			);
			name = "Check Pods Manifest.lock";
			outputPaths = (
			);
			runOnlyForDeploymentPostprocessing = 0;
			shellPath = /bin/sh;
			shellScript = "diff \"${PODS_ROOT}/../Podfile.lock\" \"${PODS_ROOT}/Manifest.lock\" > /dev/null\nif [[ $? != 0 ]] ; then\n    cat << EOM\nerror: The sandbox is not in sync with the Podfile.lock. Run 'pod install' or update your CocoaPods installation.\nEOM\n    exit 1\nfi\n";
		};
		D29D2D6521AD438BB1591E06 /* Copy Pods Resources */ = {
			isa = PBXShellScriptBuildPhase;
			buildActionMask = 2147483647;
			files = (
			);
			inputPaths = (
			);
			name = "Copy Pods Resources";
			outputPaths = (
			);
			runOnlyForDeploymentPostprocessing = 0;
			shellPath = /bin/sh;
			shellScript = "\"${SRCROOT}/Pods/Pods-resources.sh\"\n";
		};
/* End PBXShellScriptBuildPhase section */

/* Begin PBXSourcesBuildPhase section */
		AAD5FC9117AD71D9007D9E1D /* Sources */ = {
			isa = PBXSourcesBuildPhase;
			buildActionMask = 2147483647;
			files = (
				AAD5FCA517AD71D9007D9E1D /* main.m in Sources */,
				AA0D17EE17CD339B004677AA /* PairingVC.m in Sources */,
				AAD5FCA917AD71D9007D9E1D /* AppDelegate.m in Sources */,
				AAA964EC17AD870900E174E9 /* TRConstants.m in Sources */,
				AAB2DDFF17CD446200133948 /* ControllerVC.m in Sources */,
				AAEF652717ADB88600918DD1 /* TRControllerButton.m in Sources */,
				AAE1AA9A17CD4ECA00F81177 /* TRWebsocketMC.m in Sources */,
			);
			runOnlyForDeploymentPostprocessing = 0;
		};
/* End PBXSourcesBuildPhase section */

/* Begin PBXVariantGroup section */
		AAD5FCA117AD71D9007D9E1D /* InfoPlist.strings */ = {
			isa = PBXVariantGroup;
			children = (
				AAD5FCA217AD71D9007D9E1D /* en */,
			);
			name = InfoPlist.strings;
			sourceTree = "<group>";
		};
		AAD5FCB017AD71D9007D9E1D /* MainStoryboard.storyboard */ = {
			isa = PBXVariantGroup;
			children = (
				AAD5FCB117AD71D9007D9E1D /* en */,
			);
			name = MainStoryboard.storyboard;
			sourceTree = "<group>";
		};
/* End PBXVariantGroup section */

/* Begin XCBuildConfiguration section */
		AAD5FCB617AD71D9007D9E1D /* Debug */ = {
			isa = XCBuildConfiguration;
			buildSettings = {
				ALWAYS_SEARCH_USER_PATHS = NO;
				CLANG_CXX_LANGUAGE_STANDARD = "gnu++0x";
				CLANG_CXX_LIBRARY = "libc++";
				CLANG_ENABLE_OBJC_ARC = YES;
				CLANG_WARN_CONSTANT_CONVERSION = YES;
				CLANG_WARN_EMPTY_BODY = YES;
				CLANG_WARN_ENUM_CONVERSION = YES;
				CLANG_WARN_INT_CONVERSION = YES;
				CLANG_WARN__DUPLICATE_METHOD_MATCH = YES;
				"CODE_SIGN_IDENTITY[sdk=iphoneos*]" = "iPhone Developer";
				COPY_PHASE_STRIP = NO;
				GCC_C_LANGUAGE_STANDARD = gnu99;
				GCC_DYNAMIC_NO_PIC = NO;
				GCC_OPTIMIZATION_LEVEL = 0;
				GCC_PREPROCESSOR_DEFINITIONS = (
					"DEBUG=1",
					"$(inherited)",
				);
				GCC_SYMBOLS_PRIVATE_EXTERN = NO;
				GCC_WARN_ABOUT_RETURN_TYPE = YES;
				GCC_WARN_UNINITIALIZED_AUTOS = YES;
				GCC_WARN_UNUSED_VARIABLE = YES;
				IPHONEOS_DEPLOYMENT_TARGET = 6.1;
				ONLY_ACTIVE_ARCH = YES;
				SDKROOT = iphoneos;
			};
			name = Debug;
		};
		AAD5FCB717AD71D9007D9E1D /* Release */ = {
			isa = XCBuildConfiguration;
			buildSettings = {
				ALWAYS_SEARCH_USER_PATHS = NO;
				CLANG_CXX_LANGUAGE_STANDARD = "gnu++0x";
				CLANG_CXX_LIBRARY = "libc++";
				CLANG_ENABLE_OBJC_ARC = YES;
				CLANG_WARN_CONSTANT_CONVERSION = YES;
				CLANG_WARN_EMPTY_BODY = YES;
				CLANG_WARN_ENUM_CONVERSION = YES;
				CLANG_WARN_INT_CONVERSION = YES;
				CLANG_WARN__DUPLICATE_METHOD_MATCH = YES;
				"CODE_SIGN_IDENTITY[sdk=iphoneos*]" = "iPhone Developer";
				COPY_PHASE_STRIP = YES;
				GCC_C_LANGUAGE_STANDARD = gnu99;
				GCC_WARN_ABOUT_RETURN_TYPE = YES;
				GCC_WARN_UNINITIALIZED_AUTOS = YES;
				GCC_WARN_UNUSED_VARIABLE = YES;
				IPHONEOS_DEPLOYMENT_TARGET = 6.1;
				OTHER_CFLAGS = "-DNS_BLOCK_ASSERTIONS=1";
				SDKROOT = iphoneos;
				VALIDATE_PRODUCT = YES;
			};
			name = Release;
		};
		AAD5FCB917AD71D9007D9E1D /* Debug */ = {
			isa = XCBuildConfiguration;
			baseConfigurationReference = 6F8356CFACD5447D829E6DC6 /* Pods.xcconfig */;
			buildSettings = {
				CODE_SIGN_IDENTITY = "iPhone Developer: Steve Gattuso (6WJ4GL9CBF)";
				GCC_PRECOMPILE_PREFIX_HEADER = YES;
				GCC_PREFIX_HEADER = "Tarval/Tarval-Prefix.pch";
				INFOPLIST_FILE = "Tarval/Tarval-Info.plist";
				PRODUCT_NAME = "$(TARGET_NAME)";
				PROVISIONING_PROFILE = "B8EAB6C9-443C-4A88-9681-79340BB5070D";
				WRAPPER_EXTENSION = app;
			};
			name = Debug;
		};
		AAD5FCBA17AD71D9007D9E1D /* Release */ = {
			isa = XCBuildConfiguration;
			baseConfigurationReference = 6F8356CFACD5447D829E6DC6 /* Pods.xcconfig */;
			buildSettings = {
				CODE_SIGN_IDENTITY = "iPhone Developer: Steve Gattuso (6WJ4GL9CBF)";
				"CODE_SIGN_IDENTITY[sdk=iphoneos*]" = "iPhone Developer: Steve Gattuso (6WJ4GL9CBF)";
				GCC_PRECOMPILE_PREFIX_HEADER = YES;
				GCC_PREFIX_HEADER = "Tarval/Tarval-Prefix.pch";
				INFOPLIST_FILE = "Tarval/Tarval-Info.plist";
				PRODUCT_NAME = "$(TARGET_NAME)";
				PROVISIONING_PROFILE = "B8EAB6C9-443C-4A88-9681-79340BB5070D";
				"PROVISIONING_PROFILE[sdk=iphoneos*]" = "B8EAB6C9-443C-4A88-9681-79340BB5070D";
				WRAPPER_EXTENSION = app;
			};
			name = Release;
		};
/* End XCBuildConfiguration section */

/* Begin XCConfigurationList section */
		AAD5FC9017AD71D8007D9E1D /* Build configuration list for PBXProject "Tarval" */ = {
			isa = XCConfigurationList;
			buildConfigurations = (
				AAD5FCB617AD71D9007D9E1D /* Debug */,
				AAD5FCB717AD71D9007D9E1D /* Release */,
			);
			defaultConfigurationIsVisible = 0;
			defaultConfigurationName = Release;
		};
		AAD5FCB817AD71D9007D9E1D /* Build configuration list for PBXNativeTarget "Tarval" */ = {
			isa = XCConfigurationList;
			buildConfigurations = (
				AAD5FCB917AD71D9007D9E1D /* Debug */,
				AAD5FCBA17AD71D9007D9E1D /* Release */,
			);
			defaultConfigurationIsVisible = 0;
			defaultConfigurationName = Release;
		};
/* End XCConfigurationList section */
	};
	rootObject = AAD5FC8D17AD71D8007D9E1D /* Project object */;
}
